// !$*UTF8*$!
{
	archiveVersion = 1;
	classes = {
	};
	objectVersion = 77;
	objects = {

/* Begin PBXBuildFile section */
		03874CB7604D62FB225B4631 /* Config.plist in Resources */ = {isa = PBXBuildFile; fileRef = EC027D6EBC6E7C311870F8E4 /* Config.plist */; };
		052454EFC056FD2538DC0871 /* Theme.swift in Sources */ = {isa = PBXBuildFile; fileRef = 27DC38382E113466B7CF2E0D /* Theme.swift */; };
		0C1494BCDEFBAD6DCB919327 /* OnboardingView.swift in Sources */ = {isa = PBXBuildFile; fileRef = D8D71F56533A154BA9B526E6 /* OnboardingView.swift */; };
		19B4802BBD0833BBF0DD7613 /* Avatar.swift in Sources */ = {isa = PBXBuildFile; fileRef = A8C9A2E02FB2585E21645D34 /* Avatar.swift */; };
		1A313A10D3521EE120B447C9 /* SettingsView.swift in Sources */ = {isa = PBXBuildFile; fileRef = 9885D92F8EDAED4ED03896E2 /* SettingsView.swift */; };
		1A361519422A945630E24FDE /* FlowLayout.swift in Sources */ = {isa = PBXBuildFile; fileRef = C4BE80873D0C4610BCBA2C00 /* FlowLayout.swift */; };
		1E1A317863B629B2E22A6A82 /* AppNotification.swift in Sources */ = {isa = PBXBuildFile; fileRef = 060CABD2E4EC1F18F2EAA104 /* AppNotification.swift */; };
		24FF7561F5BA847E137A88F7 /* Interest.swift in Sources */ = {isa = PBXBuildFile; fileRef = AF2B2A14E2D6D386A9DCDF27 /* Interest.swift */; };
		29E7C30C1C54B579037A1006 /* ProfileComponents.swift in Sources */ = {isa = PBXBuildFile; fileRef = 22BD4BAEB57B441CA2C9F681 /* ProfileComponents.swift */; };
		2A3C0399036BFC5B5FE17CC4 /* Distance.swift in Sources */ = {isa = PBXBuildFile; fileRef = E1FD855E8A8383F29BD1C28E /* Distance.swift */; };
		38B30CB3047F81EC4C63824D /* MainTabView.swift in Sources */ = {isa = PBXBuildFile; fileRef = 18256CBDBE2E3411712F032A /* MainTabView.swift */; };
		41060F54D8A59EF15F87B13F /* BlogPost.swift in Sources */ = {isa = PBXBuildFile; fileRef = 4D5A9FE0BB54CB5AFFCCFD46 /* BlogPost.swift */; };
		45F26A11695456C2AD4820AB /* ExploreView.swift in Sources */ = {isa = PBXBuildFile; fileRef = 31B49DE87494414C05DAE64F /* ExploreView.swift */; };
		4F7C3B751610DE4A8719C4DA /* Countries.swift in Sources */ = {isa = PBXBuildFile; fileRef = DCFFF5BF9115426DE0C07DFE /* Countries.swift */; };
		51A4C901B763E03824954172 /* StatusBadge.swift in Sources */ = {isa = PBXBuildFile; fileRef = 6F830418F3C48F81DE00AFCE /* StatusBadge.swift */; };
		5860D5414F192E41C80BB0BB /* LettersView.swift in Sources */ = {isa = PBXBuildFile; fileRef = 4CD39AF4E05FC7D4958D3ABE /* LettersView.swift */; };
		59979B2BEE66DF73F097D72E /* RegisterView.swift in Sources */ = {isa = PBXBuildFile; fileRef = 489C6FB5B0B8B420AA927366 /* RegisterView.swift */; };
		69CD1D44714E41FD413C6548 /* SupabaseClient.swift in Sources */ = {isa = PBXBuildFile; fileRef = 914BCC4531789581F2C7C8A3 /* SupabaseClient.swift */; };
		6B5C101CED2D5D5768D41658 /* LetterService.swift in Sources */ = {isa = PBXBuildFile; fileRef = 8F1DB8B205A10C5FB60298E4 /* LetterService.swift */; };
		6CA6362A0F41CD3A30BFF267 /* User.swift in Sources */ = {isa = PBXBuildFile; fileRef = C538AE1A39560FEFC4C28364 /* User.swift */; };
		7E48BA29614C2072505844B7 /* Assets.xcassets in Resources */ = {isa = PBXBuildFile; fileRef = 51D0CFE20364939DE6AEFF19 /* Assets.xcassets */; };
		82FD12FFDE169D6279C93BC6 /* ComposeView.swift in Sources */ = {isa = PBXBuildFile; fileRef = FC20A40C313F806239778CAD /* ComposeView.swift */; };
		87AE16D74D86DCE5B1BD9E16 /* Friendship.swift in Sources */ = {isa = PBXBuildFile; fileRef = 13284BBDCEA9D490F6D9FD66 /* Friendship.swift */; };
		8E8C421A4F23595BF7D8EA71 /* ContentView.swift in Sources */ = {isa = PBXBuildFile; fileRef = 3A32792802EBC4304E32A202 /* ContentView.swift */; };
		98455769187387DA592E4AD3 /* Supabase in Frameworks */ = {isa = PBXBuildFile; productRef = 9E80CFDDA04267CD63A52DBA /* Supabase */; };
		991291C68F35D8CCC8A9BD6B /* AvatarPickerView.swift in Sources */ = {isa = PBXBuildFile; fileRef = DB4AB24DF00B87B5D2916895 /* AvatarPickerView.swift */; };
		999706A976A41A5C5CE885C5 /* Levels.swift in Sources */ = {isa = PBXBuildFile; fileRef = 1239CC35A6A7531456E4A529 /* Levels.swift */; };
		99BD4FFE8DCB4D7FE2278C66 /* UserService.swift in Sources */ = {isa = PBXBuildFile; fileRef = AEEF9C22BD1B3E7CD696343B /* UserService.swift */; };
		99F2A42C86B9EBDFAF7E6B02 /* AvatarView.swift in Sources */ = {isa = PBXBuildFile; fileRef = 7D015626045A7EFEB12ED796 /* AvatarView.swift */; };
		9BD83876C55AEC4D032C6277 /* LetterCardView.swift in Sources */ = {isa = PBXBuildFile; fileRef = 3B4E996B1FD88871C07E8C12 /* LetterCardView.swift */; };
		AD450A18505F95157F4B92FD /* AuthService.swift in Sources */ = {isa = PBXBuildFile; fileRef = A1B6C7E0C87452C038FA2F09 /* AuthService.swift */; };
		B01A7A9D8742C369A27E0286 /* Letter.swift in Sources */ = {isa = PBXBuildFile; fileRef = 8C4B06EABDDF4256768E6395 /* Letter.swift */; };
		B54A4BC7816B200696F3E00C /* LetterDetailView.swift in Sources */ = {isa = PBXBuildFile; fileRef = CCD45A649A283494B6539BFA /* LetterDetailView.swift */; };
		BC4476CDD38B2851D329E1E9 /* Stamp.swift in Sources */ = {isa = PBXBuildFile; fileRef = 8B0B46425820D2FDF63F0D84 /* Stamp.swift */; };
		BF230C3944F774A21698D199 /* StampService.swift in Sources */ = {isa = PBXBuildFile; fileRef = B86E7DB94A4057F042592B38 /* StampService.swift */; };
		D7A7FF658686A14D0C7E0995 /* StampShape.swift in Sources */ = {isa = PBXBuildFile; fileRef = 24EA512071BF7BB539682DEF /* StampShape.swift */; };
		EBF390E65CDD46ECD6636A99 /* WaxSeal.swift in Sources */ = {isa = PBXBuildFile; fileRef = 5EFC4EC77BC2D94B9E8892C0 /* WaxSeal.swift */; };
		EC5D95023BED4534664728FA /* ProfileView.swift in Sources */ = {isa = PBXBuildFile; fileRef = F8DE36A40AD854367645AD2A /* ProfileView.swift */; };
		ECE6ACB17FE5D0B20FB9A22C /* StampCollectionView.swift in Sources */ = {isa = PBXBuildFile; fileRef = D5624CDFF1F0578396D23214 /* StampCollectionView.swift */; };
		F3B6B58C02365B630375E1CD /* LoginView.swift in Sources */ = {isa = PBXBuildFile; fileRef = BC6F484351F3E9B4D4620281 /* LoginView.swift */; };
		F40FD5EDF07E88960C811B04 /* daylightApp.swift in Sources */ = {isa = PBXBuildFile; fileRef = B5DBDF4D69C67DC8F2D60807 /* daylightApp.swift */; };
/* End PBXBuildFile section */

/* Begin PBXFileReference section */
		060CABD2E4EC1F18F2EAA104 /* AppNotification.swift */ = {isa = PBXFileReference; lastKnownFileType = sourcecode.swift; path = AppNotification.swift; sourceTree = "<group>"; };
		1239CC35A6A7531456E4A529 /* Levels.swift */ = {isa = PBXFileReference; lastKnownFileType = sourcecode.swift; path = Levels.swift; sourceTree = "<group>"; };
		13284BBDCEA9D490F6D9FD66 /* Friendship.swift */ = {isa = PBXFileReference; lastKnownFileType = sourcecode.swift; path = Friendship.swift; sourceTree = "<group>"; };
		18256CBDBE2E3411712F032A /* MainTabView.swift */ = {isa = PBXFileReference; lastKnownFileType = sourcecode.swift; path = MainTabView.swift; sourceTree = "<group>"; };
		22BD4BAEB57B441CA2C9F681 /* ProfileComponents.swift */ = {isa = PBXFileReference; lastKnownFileType = sourcecode.swift; path = ProfileComponents.swift; sourceTree = "<group>"; };
		24EA512071BF7BB539682DEF /* StampShape.swift */ = {isa = PBXFileReference; lastKnownFileType = sourcecode.swift; path = StampShape.swift; sourceTree = "<group>"; };
		27DC38382E113466B7CF2E0D /* Theme.swift */ = {isa = PBXFileReference; lastKnownFileType = sourcecode.swift; path = Theme.swift; sourceTree = "<group>"; };
		31B49DE87494414C05DAE64F /* ExploreView.swift */ = {isa = PBXFileReference; lastKnownFileType = sourcecode.swift; path = ExploreView.swift; sourceTree = "<group>"; };
		3A32792802EBC4304E32A202 /* ContentView.swift */ = {isa = PBXFileReference; lastKnownFileType = sourcecode.swift; path = ContentView.swift; sourceTree = "<group>"; };
		3B4E996B1FD88871C07E8C12 /* LetterCardView.swift */ = {isa = PBXFileReference; lastKnownFileType = sourcecode.swift; path = LetterCardView.swift; sourceTree = "<group>"; };
		489C6FB5B0B8B420AA927366 /* RegisterView.swift */ = {isa = PBXFileReference; lastKnownFileType = sourcecode.swift; path = RegisterView.swift; sourceTree = "<group>"; };
		4CD39AF4E05FC7D4958D3ABE /* LettersView.swift */ = {isa = PBXFileReference; lastKnownFileType = sourcecode.swift; path = LettersView.swift; sourceTree = "<group>"; };
		4D5A9FE0BB54CB5AFFCCFD46 /* BlogPost.swift */ = {isa = PBXFileReference; lastKnownFileType = sourcecode.swift; path = BlogPost.swift; sourceTree = "<group>"; };
		51D0CFE20364939DE6AEFF19 /* Assets.xcassets */ = {isa = PBXFileReference; lastKnownFileType = folder.assetcatalog; path = Assets.xcassets; sourceTree = "<group>"; };
		5EFC4EC77BC2D94B9E8892C0 /* WaxSeal.swift */ = {isa = PBXFileReference; lastKnownFileType = sourcecode.swift; path = WaxSeal.swift; sourceTree = "<group>"; };
		6F830418F3C48F81DE00AFCE /* StatusBadge.swift */ = {isa = PBXFileReference; lastKnownFileType = sourcecode.swift; path = StatusBadge.swift; sourceTree = "<group>"; };
		7D015626045A7EFEB12ED796 /* AvatarView.swift */ = {isa = PBXFileReference; lastKnownFileType = sourcecode.swift; path = AvatarView.swift; sourceTree = "<group>"; };
		8B0B46425820D2FDF63F0D84 /* Stamp.swift */ = {isa = PBXFileReference; lastKnownFileType = sourcecode.swift; path = Stamp.swift; sourceTree = "<group>"; };
		8C4B06EABDDF4256768E6395 /* Letter.swift */ = {isa = PBXFileReference; lastKnownFileType = sourcecode.swift; path = Letter.swift; sourceTree = "<group>"; };
		8F1DB8B205A10C5FB60298E4 /* LetterService.swift */ = {isa = PBXFileReference; lastKnownFileType = sourcecode.swift; path = LetterService.swift; sourceTree = "<group>"; };
		914BCC4531789581F2C7C8A3 /* SupabaseClient.swift */ = {isa = PBXFileReference; lastKnownFileType = sourcecode.swift; path = SupabaseClient.swift; sourceTree = "<group>"; };
		9885D92F8EDAED4ED03896E2 /* SettingsView.swift */ = {isa = PBXFileReference; lastKnownFileType = sourcecode.swift; path = SettingsView.swift; sourceTree = "<group>"; };
		A1B6C7E0C87452C038FA2F09 /* AuthService.swift */ = {isa = PBXFileReference; lastKnownFileType = sourcecode.swift; path = AuthService.swift; sourceTree = "<group>"; };
		A8C9A2E02FB2585E21645D34 /* Avatar.swift */ = {isa = PBXFileReference; lastKnownFileType = sourcecode.swift; path = Avatar.swift; sourceTree = "<group>"; };
		AEEF9C22BD1B3E7CD696343B /* UserService.swift */ = {isa = PBXFileReference; lastKnownFileType = sourcecode.swift; path = UserService.swift; sourceTree = "<group>"; };
		AF2B2A14E2D6D386A9DCDF27 /* Interest.swift */ = {isa = PBXFileReference; lastKnownFileType = sourcecode.swift; path = Interest.swift; sourceTree = "<group>"; };
		B5DBDF4D69C67DC8F2D60807 /* daylightApp.swift */ = {isa = PBXFileReference; lastKnownFileType = sourcecode.swift; path = daylightApp.swift; sourceTree = "<group>"; };
		B86E7DB94A4057F042592B38 /* StampService.swift */ = {isa = PBXFileReference; lastKnownFileType = sourcecode.swift; path = StampService.swift; sourceTree = "<group>"; };
		BC6F484351F3E9B4D4620281 /* LoginView.swift */ = {isa = PBXFileReference; lastKnownFileType = sourcecode.swift; path = LoginView.swift; sourceTree = "<group>"; };
		C4BE80873D0C4610BCBA2C00 /* FlowLayout.swift */ = {isa = PBXFileReference; lastKnownFileType = sourcecode.swift; path = FlowLayout.swift; sourceTree = "<group>"; };
		C538AE1A39560FEFC4C28364 /* User.swift */ = {isa = PBXFileReference; lastKnownFileType = sourcecode.swift; path = User.swift; sourceTree = "<group>"; };
		CCD45A649A283494B6539BFA /* LetterDetailView.swift */ = {isa = PBXFileReference; lastKnownFileType = sourcecode.swift; path = LetterDetailView.swift; sourceTree = "<group>"; };
		D5624CDFF1F0578396D23214 /* StampCollectionView.swift */ = {isa = PBXFileReference; lastKnownFileType = sourcecode.swift; path = StampCollectionView.swift; sourceTree = "<group>"; };
		D8D71F56533A154BA9B526E6 /* OnboardingView.swift */ = {isa = PBXFileReference; lastKnownFileType = sourcecode.swift; path = OnboardingView.swift; sourceTree = "<group>"; };
		DB4AB24DF00B87B5D2916895 /* AvatarPickerView.swift */ = {isa = PBXFileReference; lastKnownFileType = sourcecode.swift; path = AvatarPickerView.swift; sourceTree = "<group>"; };
		DCFFF5BF9115426DE0C07DFE /* Countries.swift */ = {isa = PBXFileReference; lastKnownFileType = sourcecode.swift; path = Countries.swift; sourceTree = "<group>"; };
		E1FD855E8A8383F29BD1C28E /* Distance.swift */ = {isa = PBXFileReference; lastKnownFileType = sourcecode.swift; path = Distance.swift; sourceTree = "<group>"; };
		E8515184FCC4AA139F3B45F2 /* daylight.app */ = {isa = PBXFileReference; includeInIndex = 0; lastKnownFileType = wrapper.application; path = daylight.app; sourceTree = BUILT_PRODUCTS_DIR; };
		EC027D6EBC6E7C311870F8E4 /* Config.plist */ = {isa = PBXFileReference; lastKnownFileType = text.plist; path = Config.plist; sourceTree = "<group>"; };
		F8DE36A40AD854367645AD2A /* ProfileView.swift */ = {isa = PBXFileReference; lastKnownFileType = sourcecode.swift; path = ProfileView.swift; sourceTree = "<group>"; };
		FC20A40C313F806239778CAD /* ComposeView.swift */ = {isa = PBXFileReference; lastKnownFileType = sourcecode.swift; path = ComposeView.swift; sourceTree = "<group>"; };
/* End PBXFileReference section */

/* Begin PBXFrameworksBuildPhase section */
		A109808B3F4E91D1615700DB /* Frameworks */ = {
			isa = PBXFrameworksBuildPhase;
			buildActionMask = 2147483647;
			files = (
				98455769187387DA592E4AD3 /* Supabase in Frameworks */,
			);
			runOnlyForDeploymentPostprocessing = 0;
		};
/* End PBXFrameworksBuildPhase section */

/* Begin PBXGroup section */
		2B08F5771D75FFCF0AAD2514 /* Utils */ = {
			isa = PBXGroup;
			children = (
				DCFFF5BF9115426DE0C07DFE /* Countries.swift */,
				E1FD855E8A8383F29BD1C28E /* Distance.swift */,
				1239CC35A6A7531456E4A529 /* Levels.swift */,
			);
			path = Utils;
			sourceTree = "<group>";
		};
		2EC5119865AF1B7A266293B8 = {
			isa = PBXGroup;
			children = (
				F8E67F117D1DEC4E6D4B34C7 /* daylight */,
				7C526FC454D51996D87D20BF /* Products */,
			);
			sourceTree = "<group>";
		};
		3319041E61E561409D89B5E0 /* Compose */ = {
			isa = PBXGroup;
			children = (
				FC20A40C313F806239778CAD /* ComposeView.swift */,
			);
			path = Compose;
			sourceTree = "<group>";
		};
		63BFCB4C76959B97F5E0032D /* Explore */ = {
			isa = PBXGroup;
			children = (
				31B49DE87494414C05DAE64F /* ExploreView.swift */,
			);
			path = Explore;
			sourceTree = "<group>";
		};
		6FDFCC381D252FA9F9CC81E8 /* Stamps */ = {
			isa = PBXGroup;
			children = (
				D5624CDFF1F0578396D23214 /* StampCollectionView.swift */,
			);
			path = Stamps;
			sourceTree = "<group>";
		};
		781E1D6BE3C696D5EC838502 /* Components */ = {
			isa = PBXGroup;
			children = (
				7D015626045A7EFEB12ED796 /* AvatarView.swift */,
				C4BE80873D0C4610BCBA2C00 /* FlowLayout.swift */,
				22BD4BAEB57B441CA2C9F681 /* ProfileComponents.swift */,
				24EA512071BF7BB539682DEF /* StampShape.swift */,
				6F830418F3C48F81DE00AFCE /* StatusBadge.swift */,
				5EFC4EC77BC2D94B9E8892C0 /* WaxSeal.swift */,
			);
			path = Components;
			sourceTree = "<group>";
		};
		7C526FC454D51996D87D20BF /* Products */ = {
			isa = PBXGroup;
			children = (
				E8515184FCC4AA139F3B45F2 /* daylight.app */,
			);
			name = Products;
			sourceTree = "<group>";
		};
		7ED5E43B182AD36B662BC7B8 /* Theme */ = {
			isa = PBXGroup;
			children = (
				27DC38382E113466B7CF2E0D /* Theme.swift */,
			);
			path = Theme;
			sourceTree = "<group>";
		};
		87D2480CAB69B50F6089E41F /* App */ = {
			isa = PBXGroup;
			children = (
				DB4AB24DF00B87B5D2916895 /* AvatarPickerView.swift */,
				3A32792802EBC4304E32A202 /* ContentView.swift */,
				B5DBDF4D69C67DC8F2D60807 /* daylightApp.swift */,
				18256CBDBE2E3411712F032A /* MainTabView.swift */,
				91B15158D97F054F787872B9 /* Auth */,
				781E1D6BE3C696D5EC838502 /* Components */,
				3319041E61E561409D89B5E0 /* Compose */,
				63BFCB4C76959B97F5E0032D /* Explore */,
				C73D85D066DC92B5D1081195 /* Letters */,
				D9E2BDF7095BD61C9D501EA8 /* Profile */,
				6FDFCC381D252FA9F9CC81E8 /* Stamps */,
			);
			path = App;
			sourceTree = "<group>";
		};
		8C69D74A7BAFEC2AC939BB6D /* Models */ = {
			isa = PBXGroup;
			children = (
				060CABD2E4EC1F18F2EAA104 /* AppNotification.swift */,
				A8C9A2E02FB2585E21645D34 /* Avatar.swift */,
				4D5A9FE0BB54CB5AFFCCFD46 /* BlogPost.swift */,
				13284BBDCEA9D490F6D9FD66 /* Friendship.swift */,
				AF2B2A14E2D6D386A9DCDF27 /* Interest.swift */,
				8C4B06EABDDF4256768E6395 /* Letter.swift */,
				8B0B46425820D2FDF63F0D84 /* Stamp.swift */,
				C538AE1A39560FEFC4C28364 /* User.swift */,
			);
			path = Models;
			sourceTree = "<group>";
		};
		91B15158D97F054F787872B9 /* Auth */ = {
			isa = PBXGroup;
			children = (
				BC6F484351F3E9B4D4620281 /* LoginView.swift */,
				D8D71F56533A154BA9B526E6 /* OnboardingView.swift */,
				489C6FB5B0B8B420AA927366 /* RegisterView.swift */,
			);
			path = Auth;
			sourceTree = "<group>";
		};
		C59ED20E1AD0EFF3E19B8BA5 /* Services */ = {
			isa = PBXGroup;
			children = (
				A1B6C7E0C87452C038FA2F09 /* AuthService.swift */,
				8F1DB8B205A10C5FB60298E4 /* LetterService.swift */,
				B86E7DB94A4057F042592B38 /* StampService.swift */,
				914BCC4531789581F2C7C8A3 /* SupabaseClient.swift */,
				AEEF9C22BD1B3E7CD696343B /* UserService.swift */,
			);
			path = Services;
			sourceTree = "<group>";
		};
		C73D85D066DC92B5D1081195 /* Letters */ = {
			isa = PBXGroup;
			children = (
				3B4E996B1FD88871C07E8C12 /* LetterCardView.swift */,
				CCD45A649A283494B6539BFA /* LetterDetailView.swift */,
				4CD39AF4E05FC7D4958D3ABE /* LettersView.swift */,
			);
			path = Letters;
			sourceTree = "<group>";
		};
		D9E2BDF7095BD61C9D501EA8 /* Profile */ = {
			isa = PBXGroup;
			children = (
				F8DE36A40AD854367645AD2A /* ProfileView.swift */,
				9885D92F8EDAED4ED03896E2 /* SettingsView.swift */,
			);
			path = Profile;
			sourceTree = "<group>";
		};
		F8E67F117D1DEC4E6D4B34C7 /* daylight */ = {
			isa = PBXGroup;
			children = (
				51D0CFE20364939DE6AEFF19 /* Assets.xcassets */,
				EC027D6EBC6E7C311870F8E4 /* Config.plist */,
				87D2480CAB69B50F6089E41F /* App */,
				8C69D74A7BAFEC2AC939BB6D /* Models */,
				C59ED20E1AD0EFF3E19B8BA5 /* Services */,
				7ED5E43B182AD36B662BC7B8 /* Theme */,
				2B08F5771D75FFCF0AAD2514 /* Utils */,
			);
			path = daylight;
			sourceTree = "<group>";
		};
/* End PBXGroup section */

/* Begin PBXNativeTarget section */
		3A240947441727339F4689B4 /* daylight */ = {
			isa = PBXNativeTarget;
			buildConfigurationList = D90911F28C11CCE1989CBD5A /* Build configuration list for PBXNativeTarget "daylight" */;
			buildPhases = (
				A791CCD40594DE550E808C81 /* Sources */,
				97610254F9C45B4CBA15C53D /* Resources */,
				A109808B3F4E91D1615700DB /* Frameworks */,
			);
			buildRules = (
			);
			dependencies = (
			);
			name = daylight;
			packageProductDependencies = (
				9E80CFDDA04267CD63A52DBA /* Supabase */,
			);
			productName = daylight;
			productReference = E8515184FCC4AA139F3B45F2 /* daylight.app */;
			productType = "com.apple.product-type.application";
		};
/* End PBXNativeTarget section */

/* Begin PBXProject section */
		6E7DD92C449E0E52AEDDFDF1 /* Project object */ = {
			isa = PBXProject;
			attributes = {
				BuildIndependentTargetsInParallel = YES;
				LastUpgradeCheck = 1630;
				TargetAttributes = {
					3A240947441727339F4689B4 = {
						DevelopmentTeam = "";
					};
				};
			};
			buildConfigurationList = EEA6815809EB80FA3BA99BB1 /* Build configuration list for PBXProject "daylight" */;
			developmentRegion = en;
			hasScannedForEncodings = 0;
			knownRegions = (
				Base,
				en,
			);
			mainGroup = 2EC5119865AF1B7A266293B8;
			minimizedProjectReferenceProxies = 1;
			packageReferences = (
				86B20F79370A637350364749 /* XCRemoteSwiftPackageReference "supabase-swift" */,
			);
			preferredProjectObjectVersion = 77;
			productRefGroup = 7C526FC454D51996D87D20BF /* Products */;
			projectDirPath = "";
			projectRoot = "";
			targets = (
				3A240947441727339F4689B4 /* daylight */,
			);
		};
/* End PBXProject section */

/* Begin PBXResourcesBuildPhase section */
		97610254F9C45B4CBA15C53D /* Resources */ = {
			isa = PBXResourcesBuildPhase;
			buildActionMask = 2147483647;
			files = (
				7E48BA29614C2072505844B7 /* Assets.xcassets in Resources */,
				03874CB7604D62FB225B4631 /* Config.plist in Resources */,
			);
			runOnlyForDeploymentPostprocessing = 0;
		};
/* End PBXResourcesBuildPhase section */

/* Begin PBXSourcesBuildPhase section */
		A791CCD40594DE550E808C81 /* Sources */ = {
			isa = PBXSourcesBuildPhase;
			buildActionMask = 2147483647;
			files = (
				1E1A317863B629B2E22A6A82 /* AppNotification.swift in Sources */,
				AD450A18505F95157F4B92FD /* AuthService.swift in Sources */,
				19B4802BBD0833BBF0DD7613 /* Avatar.swift in Sources */,
				991291C68F35D8CCC8A9BD6B /* AvatarPickerView.swift in Sources */,
				99F2A42C86B9EBDFAF7E6B02 /* AvatarView.swift in Sources */,
				41060F54D8A59EF15F87B13F /* BlogPost.swift in Sources */,
				82FD12FFDE169D6279C93BC6 /* ComposeView.swift in Sources */,
				8E8C421A4F23595BF7D8EA71 /* ContentView.swift in Sources */,
				4F7C3B751610DE4A8719C4DA /* Countries.swift in Sources */,
				2A3C0399036BFC5B5FE17CC4 /* Distance.swift in Sources */,
				45F26A11695456C2AD4820AB /* ExploreView.swift in Sources */,
				1A361519422A945630E24FDE /* FlowLayout.swift in Sources */,
				87AE16D74D86DCE5B1BD9E16 /* Friendship.swift in Sources */,
				24FF7561F5BA847E137A88F7 /* Interest.swift in Sources */,
				B01A7A9D8742C369A27E0286 /* Letter.swift in Sources */,
				9BD83876C55AEC4D032C6277 /* LetterCardView.swift in Sources */,
				B54A4BC7816B200696F3E00C /* LetterDetailView.swift in Sources */,
				6B5C101CED2D5D5768D41658 /* LetterService.swift in Sources */,
				5860D5414F192E41C80BB0BB /* LettersView.swift in Sources */,
				999706A976A41A5C5CE885C5 /* Levels.swift in Sources */,
				F3B6B58C02365B630375E1CD /* LoginView.swift in Sources */,
				38B30CB3047F81EC4C63824D /* MainTabView.swift in Sources */,
				0C1494BCDEFBAD6DCB919327 /* OnboardingView.swift in Sources */,
				29E7C30C1C54B579037A1006 /* ProfileComponents.swift in Sources */,
				EC5D95023BED4534664728FA /* ProfileView.swift in Sources */,
				59979B2BEE66DF73F097D72E /* RegisterView.swift in Sources */,
				1A313A10D3521EE120B447C9 /* SettingsView.swift in Sources */,
				BC4476CDD38B2851D329E1E9 /* Stamp.swift in Sources */,
				ECE6ACB17FE5D0B20FB9A22C /* StampCollectionView.swift in Sources */,
				BF230C3944F774A21698D199 /* StampService.swift in Sources */,
				D7A7FF658686A14D0C7E0995 /* StampShape.swift in Sources */,
				51A4C901B763E03824954172 /* StatusBadge.swift in Sources */,
				69CD1D44714E41FD413C6548 /* SupabaseClient.swift in Sources */,
				052454EFC056FD2538DC0871 /* Theme.swift in Sources */,
				6CA6362A0F41CD3A30BFF267 /* User.swift in Sources */,
				99BD4FFE8DCB4D7FE2278C66 /* UserService.swift in Sources */,
				EBF390E65CDD46ECD6636A99 /* WaxSeal.swift in Sources */,
				F40FD5EDF07E88960C811B04 /* daylightApp.swift in Sources */,
			);
			runOnlyForDeploymentPostprocessing = 0;
		};
/* End PBXSourcesBuildPhase section */

/* Begin XCBuildConfiguration section */
		08419312A4195052D27A2765 /* Release */ = {
			isa = XCBuildConfiguration;
			buildSettings = {
				ASSETCATALOG_COMPILER_APPICON_NAME = AppIcon;
				CODE_SIGN_IDENTITY = "iPhone Developer";
				CURRENT_PROJECT_VERSION = 1;
				DEVELOPMENT_TEAM = "";
				GENERATE_INFOPLIST_FILE = YES;
				INFOPLIST_KEY_UIApplicationSceneManifest_Generation = YES;
				INFOPLIST_KEY_UIApplicationSupportsIndirectInputEvents = YES;
				INFOPLIST_KEY_UILaunchScreen_Generation = YES;
				INFOPLIST_KEY_UISupportedInterfaceOrientations_iPad = "UIInterfaceOrientationPortrait UIInterfaceOrientationPortraitUpsideDown UIInterfaceOrientationLandscapeLeft UIInterfaceOrientationLandscapeRight";
				INFOPLIST_KEY_UISupportedInterfaceOrientations_iPhone = UIInterfaceOrientationPortrait;
				LD_RUNPATH_SEARCH_PATHS = (
					"$(inherited)",
					"@executable_path/Frameworks",
				);
				MARKETING_VERSION = 1.0.0;
				PRODUCT_BUNDLE_IDENTIFIER = com.daylight.app;
				SDKROOT = iphoneos;
				SWIFT_EMIT_LOC_STRINGS = YES;
				TARGETED_DEVICE_FAMILY = "1,2";
			};
			name = Release;
		};
		3DB0DC36578E972621B32584 /* Release */ = {
			isa = XCBuildConfiguration;
			buildSettings = {
				ALWAYS_SEARCH_USER_PATHS = NO;
				CLANG_ANALYZER_NONNULL = YES;
				CLANG_ANALYZER_NUMBER_OBJECT_CONVERSION = YES_AGGRESSIVE;
				CLANG_CXX_LANGUAGE_STANDARD = "gnu++14";
				CLANG_CXX_LIBRARY = "libc++";
				CLANG_ENABLE_MODULES = YES;
				CLANG_ENABLE_OBJC_ARC = YES;
				CLANG_ENABLE_OBJC_WEAK = YES;
				CLANG_WARN_BLOCK_CAPTURE_AUTORELEASING = YES;
				CLANG_WARN_BOOL_CONVERSION = YES;
				CLANG_WARN_COMMA = YES;
				CLANG_WARN_CONSTANT_CONVERSION = YES;
				CLANG_WARN_DEPRECATED_OBJC_IMPLEMENTATIONS = YES;
				CLANG_WARN_DIRECT_OBJC_ISA_USAGE = YES_ERROR;
				CLANG_WARN_DOCUMENTATION_COMMENTS = YES;
				CLANG_WARN_EMPTY_BODY = YES;
				CLANG_WARN_ENUM_CONVERSION = YES;
				CLANG_WARN_INFINITE_RECURSION = YES;
				CLANG_WARN_INT_CONVERSION = YES;
				CLANG_WARN_NON_LITERAL_NULL_CONVERSION = YES;
				CLANG_WARN_OBJC_IMPLICIT_RETAIN_SELF = YES;
				CLANG_WARN_OBJC_LITERAL_CONVERSION = YES;
				CLANG_WARN_OBJC_ROOT_CLASS = YES_ERROR;
				CLANG_WARN_QUOTED_INCLUDE_IN_FRAMEWORK_HEADER = YES;
				CLANG_WARN_RANGE_LOOP_ANALYSIS = YES;
				CLANG_WARN_STRICT_PROTOTYPES = YES;
				CLANG_WARN_SUSPICIOUS_MOVE = YES;
				CLANG_WARN_UNGUARDED_AVAILABILITY = YES_AGGRESSIVE;
				CLANG_WARN_UNREACHABLE_CODE = YES;
				CLANG_WARN__DUPLICATE_METHOD_MATCH = YES;
				COPY_PHASE_STRIP = NO;
				DEBUG_INFORMATION_FORMAT = "dwarf-with-dsym";
				ENABLE_NS_ASSERTIONS = NO;
				ENABLE_STRICT_OBJC_MSGSEND = YES;
				GCC_C_LANGUAGE_STANDARD = gnu11;
				GCC_NO_COMMON_BLOCKS = YES;
				GCC_WARN_64_TO_32_BIT_CONVERSION = YES;
				GCC_WARN_ABOUT_RETURN_TYPE = YES_ERROR;
				GCC_WARN_UNDECLARED_SELECTOR = YES;
				GCC_WARN_UNINITIALIZED_AUTOS = YES_AGGRESSIVE;
				GCC_WARN_UNUSED_FUNCTION = YES;
				GCC_WARN_UNUSED_VARIABLE = YES;
				IPHONEOS_DEPLOYMENT_TARGET = 17.0;
				MTL_ENABLE_DEBUG_INFO = NO;
				MTL_FAST_MATH = YES;
				PRODUCT_NAME = "$(TARGET_NAME)";
				SDKROOT = iphoneos;
				SWIFT_COMPILATION_MODE = wholemodule;
				SWIFT_OPTIMIZATION_LEVEL = "-O";
				SWIFT_VERSION = 5.0;
			};
			name = Release;
		};
		6965D6FEDEEFB9D5E62AAF34 /* Debug */ = {
			isa = XCBuildConfiguration;
			buildSettings = {
				ASSETCATALOG_COMPILER_APPICON_NAME = AppIcon;
				CODE_SIGN_IDENTITY = "iPhone Developer";
				CURRENT_PROJECT_VERSION = 1;
				DEVELOPMENT_TEAM = "";
				GENERATE_INFOPLIST_FILE = YES;
				INFOPLIST_KEY_UIApplicationSceneManifest_Generation = YES;
				INFOPLIST_KEY_UIApplicationSupportsIndirectInputEvents = YES;
				INFOPLIST_KEY_UILaunchScreen_Generation = YES;
				INFOPLIST_KEY_UISupportedInterfaceOrientations_iPad = "UIInterfaceOrientationPortrait UIInterfaceOrientationPortraitUpsideDown UIInterfaceOrientationLandscapeLeft UIInterfaceOrientationLandscapeRight";
				INFOPLIST_KEY_UISupportedInterfaceOrientations_iPhone = UIInterfaceOrientationPortrait;
				LD_RUNPATH_SEARCH_PATHS = (
					"$(inherited)",
					"@executable_path/Frameworks",
				);
				MARKETING_VERSION = 1.0.0;
				PRODUCT_BUNDLE_IDENTIFIER = com.daylight.app;
				SDKROOT = iphoneos;
				SWIFT_EMIT_LOC_STRINGS = YES;
				TARGETED_DEVICE_FAMILY = "1,2";
			};
			name = Debug;
		};
		6D6F999BCA787C81C15928A2 /* Debug */ = {
			isa = XCBuildConfiguration;
			buildSettings = {
				ALWAYS_SEARCH_USER_PATHS = NO;
				CLANG_ANALYZER_NONNULL = YES;
				CLANG_ANALYZER_NUMBER_OBJECT_CONVERSION = YES_AGGRESSIVE;
				CLANG_CXX_LANGUAGE_STANDARD = "gnu++14";
				CLANG_CXX_LIBRARY = "libc++";
				CLANG_ENABLE_MODULES = YES;
				CLANG_ENABLE_OBJC_ARC = YES;
				CLANG_ENABLE_OBJC_WEAK = YES;
				CLANG_WARN_BLOCK_CAPTURE_AUTORELEASING = YES;
				CLANG_WARN_BOOL_CONVERSION = YES;
				CLANG_WARN_COMMA = YES;
				CLANG_WARN_CONSTANT_CONVERSION = YES;
				CLANG_WARN_DEPRECATED_OBJC_IMPLEMENTATIONS = YES;
				CLANG_WARN_DIRECT_OBJC_ISA_USAGE = YES_ERROR;
				CLANG_WARN_DOCUMENTATION_COMMENTS = YES;
				CLANG_WARN_EMPTY_BODY = YES;
				CLANG_WARN_ENUM_CONVERSION = YES;
				CLANG_WARN_INFINITE_RECURSION = YES;
				CLANG_WARN_INT_CONVERSION = YES;
				CLANG_WARN_NON_LITERAL_NULL_CONVERSION = YES;
				CLANG_WARN_OBJC_IMPLICIT_RETAIN_SELF = YES;
				CLANG_WARN_OBJC_LITERAL_CONVERSION = YES;
				CLANG_WARN_OBJC_ROOT_CLASS = YES_ERROR;
				CLANG_WARN_QUOTED_INCLUDE_IN_FRAMEWORK_HEADER = YES;
				CLANG_WARN_RANGE_LOOP_ANALYSIS = YES;
				CLANG_WARN_STRICT_PROTOTYPES = YES;
				CLANG_WARN_SUSPICIOUS_MOVE = YES;
				CLANG_WARN_UNGUARDED_AVAILABILITY = YES_AGGRESSIVE;
				CLANG_WARN_UNREACHABLE_CODE = YES;
				CLANG_WARN__DUPLICATE_METHOD_MATCH = YES;
				COPY_PHASE_STRIP = NO;
				DEBUG_INFORMATION_FORMAT = dwarf;
				ENABLE_STRICT_OBJC_MSGSEND = YES;
				ENABLE_TESTABILITY = YES;
				GCC_C_LANGUAGE_STANDARD = gnu11;
				GCC_DYNAMIC_NO_PIC = NO;
				GCC_NO_COMMON_BLOCKS = YES;
				GCC_OPTIMIZATION_LEVEL = 0;
				GCC_PREPROCESSOR_DEFINITIONS = (
					"$(inherited)",
					"DEBUG=1",
				);
				GCC_WARN_64_TO_32_BIT_CONVERSION = YES;
				GCC_WARN_ABOUT_RETURN_TYPE = YES_ERROR;
				GCC_WARN_UNDECLARED_SELECTOR = YES;
				GCC_WARN_UNINITIALIZED_AUTOS = YES_AGGRESSIVE;
				GCC_WARN_UNUSED_FUNCTION = YES;
				GCC_WARN_UNUSED_VARIABLE = YES;
				IPHONEOS_DEPLOYMENT_TARGET = 17.0;
				MTL_ENABLE_DEBUG_INFO = INCLUDE_SOURCE;
				MTL_FAST_MATH = YES;
				ONLY_ACTIVE_ARCH = YES;
				PRODUCT_NAME = "$(TARGET_NAME)";
				SDKROOT = iphoneos;
				SWIFT_ACTIVE_COMPILATION_CONDITIONS = DEBUG;
				SWIFT_OPTIMIZATION_LEVEL = "-Onone";
				SWIFT_VERSION = 5.0;
			};
			name = Debug;
		};
/* End XCBuildConfiguration section */

/* Begin XCConfigurationList section */
		D90911F28C11CCE1989CBD5A /* Build configuration list for PBXNativeTarget "daylight" */ = {
			isa = XCConfigurationList;
			buildConfigurations = (
				6965D6FEDEEFB9D5E62AAF34 /* Debug */,
				08419312A4195052D27A2765 /* Release */,
			);
			defaultConfigurationIsVisible = 0;
			defaultConfigurationName = Debug;
		};
		EEA6815809EB80FA3BA99BB1 /* Build configuration list for PBXProject "daylight" */ = {
			isa = XCConfigurationList;
			buildConfigurations = (
				6D6F999BCA787C81C15928A2 /* Debug */,
				3DB0DC36578E972621B32584 /* Release */,
			);
			defaultConfigurationIsVisible = 0;
			defaultConfigurationName = Debug;
		};
/* End XCConfigurationList section */

/* Begin XCRemoteSwiftPackageReference section */
		86B20F79370A637350364749 /* XCRemoteSwiftPackageReference "supabase-swift" */ = {
			isa = XCRemoteSwiftPackageReference;
			repositoryURL = "https://github.com/supabase/supabase-swift";
			requirement = {
				kind = upToNextMajorVersion;
				minimumVersion = 2.0.0;
			};
		};
/* End XCRemoteSwiftPackageReference section */

/* Begin XCSwiftPackageProductDependency section */
		9E80CFDDA04267CD63A52DBA /* Supabase */ = {
			isa = XCSwiftPackageProductDependency;
			package = 86B20F79370A637350364749 /* XCRemoteSwiftPackageReference "supabase-swift" */;
			productName = Supabase;
		};
/* End XCSwiftPackageProductDependency section */
	};
	rootObject = 6E7DD92C449E0E52AEDDFDF1 /* Project object */;
}
